
Microsoft Visual Studio Solution File, Format Version 12.00
# Visual Studio Version 17
VisualStudioVersion = 17.12.35527.113
MinimumVisualStudioVersion = 10.0.40219.1
Project("{FAE04EC0-301F-11D3-BF4B-00C04F79EFBC}") = "Warehouse", "Warehouse.csproj", "{54617D07-915B-4FEA-A55C-6E44F6DE2114}"
EndProject
Project("{54435603-DBB4-11D2-8724-00A0C9A8B90C}") = "Warehouse_Setup", "..\Warehouse_Setup\Warehouse_Setup\Warehouse_Setup.vdproj", "{EAC115B7-964E-5F40-2836-AEE04937B43E}"
EndProject
Global
	GlobalSection(SolutionConfigurationPlatforms) = preSolution
		Debug|Any CPU = Debug|Any CPU
		Release|Any CPU = Release|Any CPU
	EndGlobalSection
	GlobalSection(ProjectConfigurationPlatforms) = postSolution
		{54617D07-915B-4FEA-A55C-6E44F6DE2114}.Debug|Any CPU.ActiveCfg = Debug|Any CPU
		{54617D07-915B-4FEA-A55C-6E44F6DE2114}.Debug|Any CPU.Build.0 = Debug|Any CPU
		{54617D07-915B-4FEA-A55C-6E44F6DE2114}.Release|Any CPU.ActiveCfg = Release|Any CPU
		{54617D07-915B-4FEA-A55C-6E44F6DE2114}.Release|Any CPU.Build.0 = Release|Any CPU
		{EAC115B7-964E-5F40-2836-AEE04937B43E}.Debug|Any CPU.ActiveCfg = Debug
		{EAC115B7-964E-5F40-2836-AEE04937B43E}.Release|Any CPU.ActiveCfg = Release
	EndGlobalSection
	GlobalSection(SolutionProperties) = preSolution
		HideSolutionNode = FALSE
	EndGlobalSection
	GlobalSection(ExtensibilityGlobals) = postSolution
		SolutionGuid = {3142A252-303C-4F11-A531-23D3D52B2C00}
	EndGlobalSection
EndGlobal
